
Microsoft Visual Studio Solution File, Format Version 12.00
# Visual Studio Version 17
VisualStudioVersion = 17.11.35222.181
MinimumVisualStudioVersion = 10.0.40219.1
Project("{2150E333-8FDC-42A3-9474-1A3956D46DE8}") = "Backend", "Backend", "{6BB37FC5-59F8-46A0-9DEC-3F9C04D2B3A6}"
EndProject
Project("{2150E333-8FDC-42A3-9474-1A3956D46DE8}") = "FrontEnd", "FrontEnd", "{B03BA299-BF2E-478D-ACFC-3D14AC3D12E7}"
EndProject
Project("{9A19103F-16F7-4668-BE54-9A1E7A4F7556}") = "CitasMedicaApp.Domain", "CitasMedicaApp.Domain\CitasMedicaApp.Domain.csproj", "{06608D4C-9874-453A-9FC2-4B69E7950956}"
EndProject
Project("{9A19103F-16F7-4668-BE54-9A1E7A4F7556}") = "CitasMedicasApp.Persistance", "CitasMedicasApp.Persistance\CitasMedicasApp.Persistance.csproj", "{18D15060-CFAA-488D-B606-6FE93E5E5150}"
EndProject
Project("{9A19103F-16F7-4668-BE54-9A1E7A4F7556}") = "CitasMedicasApp.Infraestructure", "CitasMedicasApp.Infraestructure\CitasMedicasApp.Infraestructure.csproj", "{2D49F3C6-9A13-43B2-9F1C-F7660719051A}"
EndProject
Project("{2150E333-8FDC-42A3-9474-1A3956D46DE8}") = "api", "api", "{D3C3BAA8-A3B0-4387-958C-9D6758EA0FED}"
EndProject
Project("{9A19103F-16F7-4668-BE54-9A1E7A4F7556}") = "CitasMedicas.Configuration.Api", "CitasMedicas.Configuration.Api\CitasMedicas.Configuration.Api.csproj", "{3DF4061E-93C8-4F33-B30C-8D3B956D08D9}"
EndProject
Project("{9A19103F-16F7-4668-BE54-9A1E7A4F7556}") = "CitasMedicas.Insurance.Api", "CitasMedicas.Insurance.Api\CitasMedicas.Insurance.Api.csproj", "{2ED240D7-F14C-41CF-A9D8-56F29116C24F}"
EndProject
Project("{9A19103F-16F7-4668-BE54-9A1E7A4F7556}") = "CitasMedicas.Medical.Api", "CitasMedicas.Medical.Api\CitasMedicas.Medical.Api.csproj", "{FD181607-55DF-48CF-9DA3-26648425B2E9}"
EndProject
Project("{9A19103F-16F7-4668-BE54-9A1E7A4F7556}") = "CitasMedicas.Users.Api", "CitasMedicas.Users.Api\CitasMedicas.Users.Api.csproj", "{D3913776-64DA-4040-93E3-28933E035017}"
EndProject
Project("{2150E333-8FDC-42A3-9474-1A3956D46DE8}") = "ProyectoDentro", "ProyectoDentro", "{6676DAD6-C97C-4758-A69A-A3E7CC377B88}"
EndProject
Project("{9A19103F-16F7-4668-BE54-9A1E7A4F7556}") = "CitasMedicas.Appointment.Api", "CitasMedicas.Appointment.Api\CitasMedicas.Appointment.Api.csproj", "{081C40F4-F543-48DA-B464-D6DE01933BB1}"
EndProject
Project("{9A19103F-16F7-4668-BE54-9A1E7A4F7556}") = "CitasMedicas.Applications", "CitasMedicas.Applications\CitasMedicas.Applications.csproj", "{C429F5C5-D2F4-4D95-99EF-40C0D4F55B2E}"
EndProject
Project("{9A19103F-16F7-4668-BE54-9A1E7A4F7556}") = "CitasMedicasIOC", "CitasMedicasIOC\CitasMedicasIOC.csproj", "{0B549982-E8A0-43AD-A64A-6576A0A2EB8F}"
EndProject
Project("{FAE04EC0-301F-11D3-BF4B-00C04F79EFBC}") = "CitasMedicasWeb", "CitasMedicasWeb\CitasMedicasWeb.csproj", "{622C1281-7B41-41D4-9F6D-68BA9D3FA4E9}"
EndProject
Global
	GlobalSection(SolutionConfigurationPlatforms) = preSolution
		Debug|Any CPU = Debug|Any CPU
		Release|Any CPU = Release|Any CPU
	EndGlobalSection
	GlobalSection(ProjectConfigurationPlatforms) = postSolution
		{06608D4C-9874-453A-9FC2-4B69E7950956}.Debug|Any CPU.ActiveCfg = Debug|Any CPU
		{06608D4C-9874-453A-9FC2-4B69E7950956}.Debug|Any CPU.Build.0 = Debug|Any CPU
		{06608D4C-9874-453A-9FC2-4B69E7950956}.Release|Any CPU.ActiveCfg = Release|Any CPU
		{06608D4C-9874-453A-9FC2-4B69E7950956}.Release|Any CPU.Build.0 = Release|Any CPU
		{18D15060-CFAA-488D-B606-6FE93E5E5150}.Debug|Any CPU.ActiveCfg = Debug|Any CPU
		{18D15060-CFAA-488D-B606-6FE93E5E5150}.Debug|Any CPU.Build.0 = Debug|Any CPU
		{18D15060-CFAA-488D-B606-6FE93E5E5150}.Release|Any CPU.ActiveCfg = Release|Any CPU
		{18D15060-CFAA-488D-B606-6FE93E5E5150}.Release|Any CPU.Build.0 = Release|Any CPU
		{2D49F3C6-9A13-43B2-9F1C-F7660719051A}.Debug|Any CPU.ActiveCfg = Debug|Any CPU
		{2D49F3C6-9A13-43B2-9F1C-F7660719051A}.Debug|Any CPU.Build.0 = Debug|Any CPU
		{2D49F3C6-9A13-43B2-9F1C-F7660719051A}.Release|Any CPU.ActiveCfg = Release|Any CPU
		{2D49F3C6-9A13-43B2-9F1C-F7660719051A}.Release|Any CPU.Build.0 = Release|Any CPU
		{3DF4061E-93C8-4F33-B30C-8D3B956D08D9}.Debug|Any CPU.ActiveCfg = Debug|Any CPU
		{3DF4061E-93C8-4F33-B30C-8D3B956D08D9}.Debug|Any CPU.Build.0 = Debug|Any CPU
		{3DF4061E-93C8-4F33-B30C-8D3B956D08D9}.Release|Any CPU.ActiveCfg = Release|Any CPU
		{3DF4061E-93C8-4F33-B30C-8D3B956D08D9}.Release|Any CPU.Build.0 = Release|Any CPU
		{2ED240D7-F14C-41CF-A9D8-56F29116C24F}.Debug|Any CPU.ActiveCfg = Debug|Any CPU
		{2ED240D7-F14C-41CF-A9D8-56F29116C24F}.Debug|Any CPU.Build.0 = Debug|Any CPU
		{2ED240D7-F14C-41CF-A9D8-56F29116C24F}.Release|Any CPU.ActiveCfg = Release|Any CPU
		{2ED240D7-F14C-41CF-A9D8-56F29116C24F}.Release|Any CPU.Build.0 = Release|Any CPU
		{FD181607-55DF-48CF-9DA3-26648425B2E9}.Debug|Any CPU.ActiveCfg = Debug|Any CPU
		{FD181607-55DF-48CF-9DA3-26648425B2E9}.Debug|Any CPU.Build.0 = Debug|Any CPU
		{FD181607-55DF-48CF-9DA3-26648425B2E9}.Release|Any CPU.ActiveCfg = Release|Any CPU
		{FD181607-55DF-48CF-9DA3-26648425B2E9}.Release|Any CPU.Build.0 = Release|Any CPU
		{D3913776-64DA-4040-93E3-28933E035017}.Debug|Any CPU.ActiveCfg = Debug|Any CPU
		{D3913776-64DA-4040-93E3-28933E035017}.Debug|Any CPU.Build.0 = Debug|Any CPU
		{D3913776-64DA-4040-93E3-28933E035017}.Release|Any CPU.ActiveCfg = Release|Any CPU
		{D3913776-64DA-4040-93E3-28933E035017}.Release|Any CPU.Build.0 = Release|Any CPU
		{081C40F4-F543-48DA-B464-D6DE01933BB1}.Debug|Any CPU.ActiveCfg = Debug|Any CPU
		{081C40F4-F543-48DA-B464-D6DE01933BB1}.Debug|Any CPU.Build.0 = Debug|Any CPU
		{081C40F4-F543-48DA-B464-D6DE01933BB1}.Release|Any CPU.ActiveCfg = Release|Any CPU
		{081C40F4-F543-48DA-B464-D6DE01933BB1}.Release|Any CPU.Build.0 = Release|Any CPU
		{C429F5C5-D2F4-4D95-99EF-40C0D4F55B2E}.Debug|Any CPU.ActiveCfg = Debug|Any CPU
		{C429F5C5-D2F4-4D95-99EF-40C0D4F55B2E}.Debug|Any CPU.Build.0 = Debug|Any CPU
		{C429F5C5-D2F4-4D95-99EF-40C0D4F55B2E}.Release|Any CPU.ActiveCfg = Release|Any CPU
		{C429F5C5-D2F4-4D95-99EF-40C0D4F55B2E}.Release|Any CPU.Build.0 = Release|Any CPU
		{0B549982-E8A0-43AD-A64A-6576A0A2EB8F}.Debug|Any CPU.ActiveCfg = Debug|Any CPU
		{0B549982-E8A0-43AD-A64A-6576A0A2EB8F}.Debug|Any CPU.Build.0 = Debug|Any CPU
		{0B549982-E8A0-43AD-A64A-6576A0A2EB8F}.Release|Any CPU.ActiveCfg = Release|Any CPU
		{0B549982-E8A0-43AD-A64A-6576A0A2EB8F}.Release|Any CPU.Build.0 = Release|Any CPU
		{622C1281-7B41-41D4-9F6D-68BA9D3FA4E9}.Debug|Any CPU.ActiveCfg = Debug|Any CPU
		{622C1281-7B41-41D4-9F6D-68BA9D3FA4E9}.Debug|Any CPU.Build.0 = Debug|Any CPU
		{622C1281-7B41-41D4-9F6D-68BA9D3FA4E9}.Release|Any CPU.ActiveCfg = Release|Any CPU
		{622C1281-7B41-41D4-9F6D-68BA9D3FA4E9}.Release|Any CPU.Build.0 = Release|Any CPU
	EndGlobalSection
	GlobalSection(SolutionProperties) = preSolution
		HideSolutionNode = FALSE
	EndGlobalSection
	GlobalSection(NestedProjects) = preSolution
		{6BB37FC5-59F8-46A0-9DEC-3F9C04D2B3A6} = {6676DAD6-C97C-4758-A69A-A3E7CC377B88}
		{B03BA299-BF2E-478D-ACFC-3D14AC3D12E7} = {6676DAD6-C97C-4758-A69A-A3E7CC377B88}
		{06608D4C-9874-453A-9FC2-4B69E7950956} = {6BB37FC5-59F8-46A0-9DEC-3F9C04D2B3A6}
		{18D15060-CFAA-488D-B606-6FE93E5E5150} = {6BB37FC5-59F8-46A0-9DEC-3F9C04D2B3A6}
		{2D49F3C6-9A13-43B2-9F1C-F7660719051A} = {6BB37FC5-59F8-46A0-9DEC-3F9C04D2B3A6}
		{D3C3BAA8-A3B0-4387-958C-9D6758EA0FED} = {6676DAD6-C97C-4758-A69A-A3E7CC377B88}
		{3DF4061E-93C8-4F33-B30C-8D3B956D08D9} = {D3C3BAA8-A3B0-4387-958C-9D6758EA0FED}
		{2ED240D7-F14C-41CF-A9D8-56F29116C24F} = {D3C3BAA8-A3B0-4387-958C-9D6758EA0FED}
		{FD181607-55DF-48CF-9DA3-26648425B2E9} = {D3C3BAA8-A3B0-4387-958C-9D6758EA0FED}
		{D3913776-64DA-4040-93E3-28933E035017} = {D3C3BAA8-A3B0-4387-958C-9D6758EA0FED}
		{081C40F4-F543-48DA-B464-D6DE01933BB1} = {D3C3BAA8-A3B0-4387-958C-9D6758EA0FED}
		{C429F5C5-D2F4-4D95-99EF-40C0D4F55B2E} = {6BB37FC5-59F8-46A0-9DEC-3F9C04D2B3A6}
		{0B549982-E8A0-43AD-A64A-6576A0A2EB8F} = {6BB37FC5-59F8-46A0-9DEC-3F9C04D2B3A6}
		{622C1281-7B41-41D4-9F6D-68BA9D3FA4E9} = {B03BA299-BF2E-478D-ACFC-3D14AC3D12E7}
	EndGlobalSection
	GlobalSection(ExtensibilityGlobals) = postSolution
		SolutionGuid = {5E7AAFDA-81F7-4926-93C1-D7E42C2CE4A8}
	EndGlobalSection
EndGlobal
